// !$*UTF8*$!
{
	archiveVersion = 1;
	classes = {
	};
	objectVersion = 50;
	objects = {

/* Begin PBXBuildFile section */
		CD784E8623C5816A00EEDF11 /* Extensions.swift in Sources */ = {isa = PBXBuildFile; fileRef = CD784E8523C5816A00EEDF11 /* Extensions.swift */; };
		CD8B4964236AC675006D9B45 /* Assets.xcassets in Resources */ = {isa = PBXBuildFile; fileRef = CD8B4925236AC675006D9B45 /* Assets.xcassets */; };
		CD8B4965236AC675006D9B45 /* LaunchScreen.storyboard in Resources */ = {isa = PBXBuildFile; fileRef = CD8B4926236AC675006D9B45 /* LaunchScreen.storyboard */; };
		CD8B496C236AC675006D9B45 /* HomeViewController.xib in Resources */ = {isa = PBXBuildFile; fileRef = CD8B4930236AC675006D9B45 /* HomeViewController.xib */; };
		CD8B4972236AC675006D9B45 /* HomeViewController.swift in Sources */ = {isa = PBXBuildFile; fileRef = CD8B4936236AC675006D9B45 /* HomeViewController.swift */; };
		CD8B498C236AC675006D9B45 /* AppDelegate.swift in Sources */ = {isa = PBXBuildFile; fileRef = CD8B4952236AC675006D9B45 /* AppDelegate.swift */; };
		CDE10E1923C5821600F632B8 /* CASpringViewController.swift in Sources */ = {isa = PBXBuildFile; fileRef = CDE10E1723C5821600F632B8 /* CASpringViewController.swift */; };
		CDE10E1A23C5821600F632B8 /* CASpringViewController.xib in Resources */ = {isa = PBXBuildFile; fileRef = CDE10E1823C5821600F632B8 /* CASpringViewController.xib */; };
/* End PBXBuildFile section */

/* Begin PBXCopyFilesBuildPhase section */
		CDACDA25236996FB008EA187 /* Embed Frameworks */ = {
			isa = PBXCopyFilesBuildPhase;
			buildActionMask = 2147483647;
			dstPath = "";
			dstSubfolderSpec = 10;
			files = (
			);
			name = "Embed Frameworks";
			runOnlyForDeploymentPostprocessing = 0;
		};
/* End PBXCopyFilesBuildPhase section */

/* Begin PBXFileReference section */
		CD784E8523C5816A00EEDF11 /* Extensions.swift */ = {isa = PBXFileReference; fileEncoding = 4; lastKnownFileType = sourcecode.swift; path = Extensions.swift; sourceTree = "<group>"; };
		CD8B4925236AC675006D9B45 /* Assets.xcassets */ = {isa = PBXFileReference; lastKnownFileType = folder.assetcatalog; path = Assets.xcassets; sourceTree = "<group>"; };
		CD8B4927236AC675006D9B45 /* Base */ = {isa = PBXFileReference; lastKnownFileType = file.storyboard; name = Base; path = Base.lproj/LaunchScreen.storyboard; sourceTree = "<group>"; };
		CD8B4930236AC675006D9B45 /* HomeViewController.xib */ = {isa = PBXFileReference; fileEncoding = 4; lastKnownFileType = file.xib; path = HomeViewController.xib; sourceTree = "<group>"; };
		CD8B4936236AC675006D9B45 /* HomeViewController.swift */ = {isa = PBXFileReference; fileEncoding = 4; lastKnownFileType = sourcecode.swift; path = HomeViewController.swift; sourceTree = "<group>"; };
		CD8B4952236AC675006D9B45 /* AppDelegate.swift */ = {isa = PBXFileReference; fileEncoding = 4; lastKnownFileType = sourcecode.swift; path = AppDelegate.swift; sourceTree = "<group>"; };
		CD8B4953236AC675006D9B45 /* Info.plist */ = {isa = PBXFileReference; fileEncoding = 4; lastKnownFileType = text.plist.xml; path = Info.plist; sourceTree = "<group>"; };
		CDACD97C236993E3008EA187 /* LAniamtion.app */ = {isa = PBXFileReference; explicitFileType = wrapper.application; includeInIndex = 0; path = LAniamtion.app; sourceTree = BUILT_PRODUCTS_DIR; };
		CDE10E1723C5821600F632B8 /* CASpringViewController.swift */ = {isa = PBXFileReference; lastKnownFileType = sourcecode.swift; path = CASpringViewController.swift; sourceTree = "<group>"; };
		CDE10E1823C5821600F632B8 /* CASpringViewController.xib */ = {isa = PBXFileReference; lastKnownFileType = file.xib; path = CASpringViewController.xib; sourceTree = "<group>"; };
/* End PBXFileReference section */

/* Begin PBXFrameworksBuildPhase section */
		CDACD979236993E3008EA187 /* Frameworks */ = {
			isa = PBXFrameworksBuildPhase;
			buildActionMask = 2147483647;
			files = (
			);
			runOnlyForDeploymentPostprocessing = 0;
		};
/* End PBXFrameworksBuildPhase section */

/* Begin PBXGroup section */
		CD8B490E236AC675006D9B45 /* LAnimation */ = {
			isa = PBXGroup;
			children = (
				CDE10E1723C5821600F632B8 /* CASpringViewController.swift */,
				CDE10E1823C5821600F632B8 /* CASpringViewController.xib */,
				CD784E8523C5816A00EEDF11 /* Extensions.swift */,
				CD8B4930236AC675006D9B45 /* HomeViewController.xib */,
				CD8B4936236AC675006D9B45 /* HomeViewController.swift */,
				CD8B4925236AC675006D9B45 /* Assets.xcassets */,
				CD8B4926236AC675006D9B45 /* LaunchScreen.storyboard */,
				CD8B4952236AC675006D9B45 /* AppDelegate.swift */,
				CD8B4953236AC675006D9B45 /* Info.plist */,
			);
			path = LAnimation;
			sourceTree = "<group>";
		};
		CDACD973236993E3008EA187 = {
			isa = PBXGroup;
			children = (
				CD8B490E236AC675006D9B45 /* LAnimation */,
				CDACD97D236993E3008EA187 /* Products */,
			);
			sourceTree = "<group>";
		};
		CDACD97D236993E3008EA187 /* Products */ = {
			isa = PBXGroup;
			children = (
				CDACD97C236993E3008EA187 /* LAniamtion.app */,
			);
			name = Products;
			sourceTree = "<group>";
		};
/* End PBXGroup section */

/* Begin PBXNativeTarget section */
		CDACD97B236993E3008EA187 /* LAniamtion */ = {
			isa = PBXNativeTarget;
			buildConfigurationList = CDACD990236993E5008EA187 /* Build configuration list for PBXNativeTarget "LAniamtion" */;
			buildPhases = (
				CDACD978236993E3008EA187 /* Sources */,
				CDACD979236993E3008EA187 /* Frameworks */,
				CDACD97A236993E3008EA187 /* Resources */,
				CDACDA25236996FB008EA187 /* Embed Frameworks */,
			);
			buildRules = (
			);
			dependencies = (
			);
			name = LAniamtion;
			productName = LAniamtion;
			productReference = CDACD97C236993E3008EA187 /* LAniamtion.app */;
			productType = "com.apple.product-type.application";
		};
/* End PBXNativeTarget section */

/* Begin PBXProject section */
		CDACD974236993E3008EA187 /* Project object */ = {
			isa = PBXProject;
			attributes = {
				LastSwiftUpdateCheck = 1100;
				LastUpgradeCheck = 1100;
				ORGANIZATIONNAME = lieon;
				TargetAttributes = {
					CDACD97B236993E3008EA187 = {
						CreatedOnToolsVersion = 11.0;
					};
				};
			};
			buildConfigurationList = CDACD977236993E3008EA187 /* Build configuration list for PBXProject "LAnimation" */;
			compatibilityVersion = "Xcode 9.3";
			developmentRegion = en;
			hasScannedForEncodings = 0;
			knownRegions = (
				en,
				Base,
			);
			mainGroup = CDACD973236993E3008EA187;
			productRefGroup = CDACD97D236993E3008EA187 /* Products */;
			projectDirPath = "";
			projectRoot = "";
			targets = (
				CDACD97B236993E3008EA187 /* LAniamtion */,
			);
		};
/* End PBXProject section */

/* Begin PBXResourcesBuildPhase section */
		CDACD97A236993E3008EA187 /* Resources */ = {
			isa = PBXResourcesBuildPhase;
			buildActionMask = 2147483647;
			files = (
				CD8B4965236AC675006D9B45 /* LaunchScreen.storyboard in Resources */,
				CDE10E1A23C5821600F632B8 /* CASpringViewController.xib in Resources */,
				CD8B4964236AC675006D9B45 /* Assets.xcassets in Resources */,
				CD8B496C236AC675006D9B45 /* HomeViewController.xib in Resources */,
			);
			runOnlyForDeploymentPostprocessing = 0;
		};
/* End PBXResourcesBuildPhase section */

/* Begin PBXSourcesBuildPhase section */
		CDACD978236993E3008EA187 /* Sources */ = {
			isa = PBXSourcesBuildPhase;
			buildActionMask = 2147483647;
			files = (
				CD8B498C236AC675006D9B45 /* AppDelegate.swift in Sources */,
				CDE10E1923C5821600F632B8 /* CASpringViewController.swift in Sources */,
				CD784E8623C5816A00EEDF11 /* Extensions.swift in Sources */,
				CD8B4972236AC675006D9B45 /* HomeViewController.swift in Sources */,
			);
			runOnlyForDeploymentPostprocessing = 0;
		};
/* End PBXSourcesBuildPhase section */

/* Begin PBXVariantGroup section */
		CD8B4926236AC675006D9B45 /* LaunchScreen.storyboard */ = {
			isa = PBXVariantGroup;
			children = (
				CD8B4927236AC675006D9B45 /* Base */,
			);
			name = LaunchScreen.storyboard;
			sourceTree = "<group>";
		};
/* End PBXVariantGroup section */

/* Begin XCBuildConfiguration section */
		CDACD98E236993E5008EA187 /* Debug */ = {
			isa = XCBuildConfiguration;
			buildSettings = {
				ALWAYS_SEARCH_USER_PATHS = NO;
				CLANG_ANALYZER_NONNULL = YES;
				CLANG_ANALYZER_NUMBER_OBJECT_CONVERSION = YES_AGGRESSIVE;
				CLANG_CXX_LANGUAGE_STANDARD = "gnu++14";
				CLANG_CXX_LIBRARY = "libc++";
				CLANG_ENABLE_MODULES = YES;
				CLANG_ENABLE_OBJC_ARC = YES;
				CLANG_ENABLE_OBJC_WEAK = YES;
				CLANG_WARN_BLOCK_CAPTURE_AUTORELEASING = YES;
				CLANG_WARN_BOOL_CONVERSION = YES;
				CLANG_WARN_COMMA = YES;
				CLANG_WARN_CONSTANT_CONVERSION = YES;
				CLANG_WARN_DEPRECATED_OBJC_IMPLEMENTATIONS = YES;
				CLANG_WARN_DIRECT_OBJC_ISA_USAGE = YES_ERROR;
				CLANG_WARN_DOCUMENTATION_COMMENTS = YES;
				CLANG_WARN_EMPTY_BODY = YES;
				CLANG_WARN_ENUM_CONVERSION = YES;
				CLANG_WARN_INFINITE_RECURSION = YES;
				CLANG_WARN_INT_CONVERSION = YES;
				CLANG_WARN_NON_LITERAL_NULL_CONVERSION = YES;
				CLANG_WARN_OBJC_IMPLICIT_RETAIN_SELF = YES;
				CLANG_WARN_OBJC_LITERAL_CONVERSION = YES;
				CLANG_WARN_OBJC_ROOT_CLASS = YES_ERROR;
				CLANG_WARN_RANGE_LOOP_ANALYSIS = YES;
				CLANG_WARN_STRICT_PROTOTYPES = YES;
				CLANG_WARN_SUSPICIOUS_MOVE = YES;
				CLANG_WARN_UNGUARDED_AVAILABILITY = YES_AGGRESSIVE;
				CLANG_WARN_UNREACHABLE_CODE = YES;
				CLANG_WARN__DUPLICATE_METHOD_MATCH = YES;
				COPY_PHASE_STRIP = NO;
				DEBUG_INFORMATION_FORMAT = dwarf;
				ENABLE_STRICT_OBJC_MSGSEND = YES;
				ENABLE_TESTABILITY = YES;
				GCC_C_LANGUAGE_STANDARD = gnu11;
				GCC_DYNAMIC_NO_PIC = NO;
				GCC_NO_COMMON_BLOCKS = YES;
				GCC_OPTIMIZATION_LEVEL = 0;
				GCC_PREPROCESSOR_DEFINITIONS = (
					"DEBUG=1",
					"$(inherited)",
				);
				GCC_WARN_64_TO_32_BIT_CONVERSION = YES;
				GCC_WARN_ABOUT_RETURN_TYPE = YES_ERROR;
				GCC_WARN_UNDECLARED_SELECTOR = YES;
				GCC_WARN_UNINITIALIZED_AUTOS = YES_AGGRESSIVE;
				GCC_WARN_UNUSED_FUNCTION = YES;
				GCC_WARN_UNUSED_VARIABLE = YES;
				IPHONEOS_DEPLOYMENT_TARGET = 13.0;
				MTL_ENABLE_DEBUG_INFO = INCLUDE_SOURCE;
				MTL_FAST_MATH = YES;
				ONLY_ACTIVE_ARCH = YES;
				SDKROOT = iphoneos;
				SWIFT_ACTIVE_COMPILATION_CONDITIONS = DEBUG;
				SWIFT_OPTIMIZATION_LEVEL = "-Onone";
			};
			name = Debug;
		};
		CDACD98F236993E5008EA187 /* Release */ = {
			isa = XCBuildConfiguration;
			buildSettings = {
				ALWAYS_SEARCH_USER_PATHS = NO;
				CLANG_ANALYZER_NONNULL = YES;
				CLANG_ANALYZER_NUMBER_OBJECT_CONVERSION = YES_AGGRESSIVE;
				CLANG_CXX_LANGUAGE_STANDARD = "gnu++14";
				CLANG_CXX_LIBRARY = "libc++";
				CLANG_ENABLE_MODULES = YES;
				CLANG_ENABLE_OBJC_ARC = YES;
				CLANG_ENABLE_OBJC_WEAK = YES;
				CLANG_WARN_BLOCK_CAPTURE_AUTORELEASING = YES;
				CLANG_WARN_BOOL_CONVERSION = YES;
				CLANG_WARN_COMMA = YES;
				CLANG_WARN_CONSTANT_CONVERSION = YES;
				CLANG_WARN_DEPRECATED_OBJC_IMPLEMENTATIONS = YES;
				CLANG_WARN_DIRECT_OBJC_ISA_USAGE = YES_ERROR;
				CLANG_WARN_DOCUMENTATION_COMMENTS = YES;
				CLANG_WARN_EMPTY_BODY = YES;
				CLANG_WARN_ENUM_CONVERSION = YES;
				CLANG_WARN_INFINITE_RECURSION = YES;
				CLANG_WARN_INT_CONVERSION = YES;
				CLANG_WARN_NON_LITERAL_NULL_CONVERSION = YES;
				CLANG_WARN_OBJC_IMPLICIT_RETAIN_SELF = YES;
				CLANG_WARN_OBJC_LITERAL_CONVERSION = YES;
				CLANG_WARN_OBJC_ROOT_CLASS = YES_ERROR;
				CLANG_WARN_RANGE_LOOP_ANALYSIS = YES;
				CLANG_WARN_STRICT_PROTOTYPES = YES;
				CLANG_WARN_SUSPICIOUS_MOVE = YES;
				CLANG_WARN_UNGUARDED_AVAILABILITY = YES_AGGRESSIVE;
				CLANG_WARN_UNREACHABLE_CODE = YES;
				CLANG_WARN__DUPLICATE_METHOD_MATCH = YES;
				COPY_PHASE_STRIP = NO;
				DEBUG_INFORMATION_FORMAT = "dwarf-with-dsym";
				ENABLE_NS_ASSERTIONS = NO;
				ENABLE_STRICT_OBJC_MSGSEND = YES;
				GCC_C_LANGUAGE_STANDARD = gnu11;
				GCC_NO_COMMON_BLOCKS = YES;
				GCC_WARN_64_TO_32_BIT_CONVERSION = YES;
				GCC_WARN_ABOUT_RETURN_TYPE = YES_ERROR;
				GCC_WARN_UNDECLARED_SELECTOR = YES;
				GCC_WARN_UNINITIALIZED_AUTOS = YES_AGGRESSIVE;
				GCC_WARN_UNUSED_FUNCTION = YES;
				GCC_WARN_UNUSED_VARIABLE = YES;
				IPHONEOS_DEPLOYMENT_TARGET = 13.0;
				MTL_ENABLE_DEBUG_INFO = NO;
				MTL_FAST_MATH = YES;
				SDKROOT = iphoneos;
				SWIFT_COMPILATION_MODE = wholemodule;
				SWIFT_OPTIMIZATION_LEVEL = "-O";
				VALIDATE_PRODUCT = YES;
			};
			name = Release;
		};
		CDACD991236993E5008EA187 /* Debug */ = {
			isa = XCBuildConfiguration;
			buildSettings = {
				ALWAYS_EMBED_SWIFT_STANDARD_LIBRARIES = YES;
				ASSETCATALOG_COMPILER_APPICON_NAME = AppIcon;
				CODE_SIGN_STYLE = Automatic;
				INFOPLIST_FILE = "$(SRCROOT)/LAnimation/Info.plist";
				IPHONEOS_DEPLOYMENT_TARGET = 10.0;
				LD_RUNPATH_SEARCH_PATHS = (
					"$(inherited)",
					"@executable_path/Frameworks",
				);
				PRODUCT_BUNDLE_IDENTIFIER = com.LAniamtion;
				PRODUCT_NAME = "$(TARGET_NAME)";
				SWIFT_VERSION = 5.0;
				TARGETED_DEVICE_FAMILY = 1;
			};
			name = Debug;
		};
		CDACD992236993E5008EA187 /* Release */ = {
			isa = XCBuildConfiguration;
			buildSettings = {
				ALWAYS_EMBED_SWIFT_STANDARD_LIBRARIES = YES;
				ASSETCATALOG_COMPILER_APPICON_NAME = AppIcon;
				CODE_SIGN_STYLE = Automatic;
				INFOPLIST_FILE = "$(SRCROOT)/LAnimation/Info.plist";
				IPHONEOS_DEPLOYMENT_TARGET = 10.0;
				LD_RUNPATH_SEARCH_PATHS = (
					"$(inherited)",
					"@executable_path/Frameworks",
				);
				PRODUCT_BUNDLE_IDENTIFIER = com.LAniamtion;
				PRODUCT_NAME = "$(TARGET_NAME)";
				SWIFT_VERSION = 5.0;
				TARGETED_DEVICE_FAMILY = 1;
			};
			name = Release;
		};
/* End XCBuildConfiguration section */

/* Begin XCConfigurationList section */
		CDACD977236993E3008EA187 /* Build configuration list for PBXProject "LAnimation" */ = {
			isa = XCConfigurationList;
			buildConfigurations = (
				CDACD98E236993E5008EA187 /* Debug */,
				CDACD98F236993E5008EA187 /* Release */,
			);
			defaultConfigurationIsVisible = 0;
			defaultConfigurationName = Release;
		};
		CDACD990236993E5008EA187 /* Build configuration list for PBXNativeTarget "LAniamtion" */ = {
			isa = XCConfigurationList;
			buildConfigurations = (
				CDACD991236993E5008EA187 /* Debug */,
				CDACD992236993E5008EA187 /* Release */,
			);
			defaultConfigurationIsVisible = 0;
			defaultConfigurationName = Release;
		};
/* End XCConfigurationList section */
	};
	rootObject = CDACD974236993E3008EA187 /* Project object */;
}
